
Microsoft Visual Studio Solution File, Format Version 12.00
# Visual Studio 2013
VisualStudioVersion = 12.0.30110.0
MinimumVisualStudioVersion = 10.0.40219.1
Project("{8BC9CEB8-8B4A-11D0-8D11-00A0C91BC942}") = "0701_report_tilemap move", "0701_report_tilemap move\0701_report_tilemap move.vcxproj", "{63EC87B4-F4A0-49E2-9FBB-AE35A15BE0D6}"
EndProject
Project("{8BC9CEB8-8B4A-11D0-8D11-00A0C91BC942}") = "0701_report_tilemap move II", "0701_report_tilemap move II\0701_report_tilemap move II.vcxproj", "{00570429-D16F-4568-B350-53EFF294E497}"
EndProject
Global
	GlobalSection(SolutionConfigurationPlatforms) = preSolution
		Debug|Win32 = Debug|Win32
		Release|Win32 = Release|Win32
	EndGlobalSection
	GlobalSection(ProjectConfigurationPlatforms) = postSolution
		{63EC87B4-F4A0-49E2-9FBB-AE35A15BE0D6}.Debug|Win32.ActiveCfg = Debug|Win32
		{63EC87B4-F4A0-49E2-9FBB-AE35A15BE0D6}.Debug|Win32.Build.0 = Debug|Win32
		{63EC87B4-F4A0-49E2-9FBB-AE35A15BE0D6}.Release|Win32.ActiveCfg = Release|Win32
		{63EC87B4-F4A0-49E2-9FBB-AE35A15BE0D6}.Release|Win32.Build.0 = Release|Win32
		{00570429-D16F-4568-B350-53EFF294E497}.Debug|Win32.ActiveCfg = Debug|Win32
		{00570429-D16F-4568-B350-53EFF294E497}.Debug|Win32.Build.0 = Debug|Win32
		{00570429-D16F-4568-B350-53EFF294E497}.Release|Win32.ActiveCfg = Release|Win32
		{00570429-D16F-4568-B350-53EFF294E497}.Release|Win32.Build.0 = Release|Win32
	EndGlobalSection
	GlobalSection(SolutionProperties) = preSolution
		HideSolutionNode = FALSE
	EndGlobalSection
EndGlobal
