
Microsoft Visual Studio Solution File, Format Version 12.00
# Visual Studio 2013
VisualStudioVersion = 12.0.30110.0
MinimumVisualStudioVersion = 10.0.40219.1
Project("{8BC9CEB8-8B4A-11D0-8D11-00A0C91BC942}") = "0620_과제_박광열", "0620_과제_박광열\0620_과제_박광열.vcxproj", "{3F1CD4E6-4EA0-4DD8-8E27-91027C7D4D47}"
EndProject
Global
	GlobalSection(SolutionConfigurationPlatforms) = preSolution
		Debug|Win32 = Debug|Win32
		Release|Win32 = Release|Win32
	EndGlobalSection
	GlobalSection(ProjectConfigurationPlatforms) = postSolution
		{3F1CD4E6-4EA0-4DD8-8E27-91027C7D4D47}.Debug|Win32.ActiveCfg = Debug|Win32
		{3F1CD4E6-4EA0-4DD8-8E27-91027C7D4D47}.Debug|Win32.Build.0 = Debug|Win32
		{3F1CD4E6-4EA0-4DD8-8E27-91027C7D4D47}.Release|Win32.ActiveCfg = Release|Win32
		{3F1CD4E6-4EA0-4DD8-8E27-91027C7D4D47}.Release|Win32.Build.0 = Release|Win32
	EndGlobalSection
	GlobalSection(SolutionProperties) = preSolution
		HideSolutionNode = FALSE
	EndGlobalSection
EndGlobal
