
Microsoft Visual Studio Solution File, Format Version 12.00
# Visual Studio 2013
VisualStudioVersion = 12.0.30110.0
MinimumVisualStudioVersion = 10.0.40219.1
Project("{8BC9CEB8-8B4A-11D0-8D11-00A0C91BC942}") = "0709_report_multiarray", "0709_report_multiarray\0709_report_multiarray.vcxproj", "{58148E42-3309-4234-9A81-945299077CB5}"
EndProject
Global
	GlobalSection(SolutionConfigurationPlatforms) = preSolution
		Debug|Win32 = Debug|Win32
		Release|Win32 = Release|Win32
	EndGlobalSection
	GlobalSection(ProjectConfigurationPlatforms) = postSolution
		{58148E42-3309-4234-9A81-945299077CB5}.Debug|Win32.ActiveCfg = Debug|Win32
		{58148E42-3309-4234-9A81-945299077CB5}.Debug|Win32.Build.0 = Debug|Win32
		{58148E42-3309-4234-9A81-945299077CB5}.Release|Win32.ActiveCfg = Release|Win32
		{58148E42-3309-4234-9A81-945299077CB5}.Release|Win32.Build.0 = Release|Win32
	EndGlobalSection
	GlobalSection(SolutionProperties) = preSolution
		HideSolutionNode = FALSE
	EndGlobalSection
EndGlobal
